version = 1
revision = 2
requires-python = ">=3.13"

[[package]]
name = "certifi"
version = "2025.7.14"
source = { registry = "https://pypi.org/simple" }
sdist = { url = "https://files.pythonhosted.org/packages/b3/76/52c535bcebe74590f296d6c77c86dabf761c41980e1347a2422e4aa2ae41/certifi-2025.7.14.tar.gz", hash = "sha256:8ea99dbdfaaf2ba2f9bac77b9249ef62ec5218e7c2b2e903378ed5fccf765995", size = 163981, upload-time = "2025-07-14T03:29:28.449Z" }
wheels = [
    { url = "https://files.pythonhosted.org/packages/4f/52/34c6cf5bb9285074dc3531c437b3919e825d976fde097a7a73f79e726d03/certifi-2025.7.14-py3-none-any.whl", hash = "sha256:6b31f564a415d79ee77df69d757bb49a5bb53bd9f756cbbe24394ffd6fc1f4b2", size = 162722, upload-time = "2025-07-14T03:29:26.863Z" },
]

[[package]]
name = "cffi"
version = "1.17.1"
source = { registry = "https://pypi.org/simple" }
dependencies = [
    { name = "pycparser" },
]
sdist = { url = "https://files.pythonhosted.org/packages/fc/97/c783634659c2920c3fc70419e3af40972dbaf758daa229a7d6ea6135c90d/cffi-1.17.1.tar.gz", hash = "sha256:1c39c6016c32bc48dd54561950ebd6836e1670f2ae46128f67cf49e789c52824", size = 516621, upload-time = "2024-09-04T20:45:21.852Z" }
wheels = [
    { url = "https://files.pythonhosted.org/packages/8d/f8/dd6c246b148639254dad4d6803eb6a54e8c85c6e11ec9df2cffa87571dbe/cffi-1.17.1-cp313-cp313-macosx_10_13_x86_64.whl", hash = "sha256:f3a2b4222ce6b60e2e8b337bb9596923045681d71e5a082783484d845390938e", size = 182989, upload-time = "2024-09-04T20:44:28.956Z" },
    { url = "https://files.pythonhosted.org/packages/8b/f1/672d303ddf17c24fc83afd712316fda78dc6fce1cd53011b839483e1ecc8/cffi-1.17.1-cp313-cp313-macosx_11_0_arm64.whl", hash = "sha256:0984a4925a435b1da406122d4d7968dd861c1385afe3b45ba82b750f229811e2", size = 178802, upload-time = "2024-09-04T20:44:30.289Z" },
    { url = "https://files.pythonhosted.org/packages/0e/2d/eab2e858a91fdff70533cab61dcff4a1f55ec60425832ddfdc9cd36bc8af/cffi-1.17.1-cp313-cp313-manylinux_2_12_i686.manylinux2010_i686.manylinux_2_17_i686.manylinux2014_i686.whl", hash = "sha256:d01b12eeeb4427d3110de311e1774046ad344f5b1a7403101878976ecd7a10f3", size = 454792, upload-time = "2024-09-04T20:44:32.01Z" },
    { url = "https://files.pythonhosted.org/packages/75/b2/fbaec7c4455c604e29388d55599b99ebcc250a60050610fadde58932b7ee/cffi-1.17.1-cp313-cp313-manylinux_2_17_aarch64.manylinux2014_aarch64.whl", hash = "sha256:706510fe141c86a69c8ddc029c7910003a17353970cff3b904ff0686a5927683", size = 478893, upload-time = "2024-09-04T20:44:33.606Z" },
    { url = "https://files.pythonhosted.org/packages/4f/b7/6e4a2162178bf1935c336d4da8a9352cccab4d3a5d7914065490f08c0690/cffi-1.17.1-cp313-cp313-manylinux_2_17_ppc64le.manylinux2014_ppc64le.whl", hash = "sha256:de55b766c7aa2e2a3092c51e0483d700341182f08e67c63630d5b6f200bb28e5", size = 485810, upload-time = "2024-09-04T20:44:35.191Z" },
    { url = "https://files.pythonhosted.org/packages/c7/8a/1d0e4a9c26e54746dc08c2c6c037889124d4f59dffd853a659fa545f1b40/cffi-1.17.1-cp313-cp313-manylinux_2_17_s390x.manylinux2014_s390x.whl", hash = "sha256:c59d6e989d07460165cc5ad3c61f9fd8f1b4796eacbd81cee78957842b834af4", size = 471200, upload-time = "2024-09-04T20:44:36.743Z" },
    { url = "https://files.pythonhosted.org/packages/26/9f/1aab65a6c0db35f43c4d1b4f580e8df53914310afc10ae0397d29d697af4/cffi-1.17.1-cp313-cp313-manylinux_2_17_x86_64.manylinux2014_x86_64.whl", hash = "sha256:dd398dbc6773384a17fe0d3e7eeb8d1a21c2200473ee6806bb5e6a8e62bb73dd", size = 479447, upload-time = "2024-09-04T20:44:38.492Z" },
    { url = "https://files.pythonhosted.org/packages/5f/e4/fb8b3dd8dc0e98edf1135ff067ae070bb32ef9d509d6cb0f538cd6f7483f/cffi-1.17.1-cp313-cp313-musllinux_1_1_aarch64.whl", hash = "sha256:3edc8d958eb099c634dace3c7e16560ae474aa3803a5df240542b305d14e14ed", size = 484358, upload-time = "2024-09-04T20:44:40.046Z" },
    { url = "https://files.pythonhosted.org/packages/f1/47/d7145bf2dc04684935d57d67dff9d6d795b2ba2796806bb109864be3a151/cffi-1.17.1-cp313-cp313-musllinux_1_1_x86_64.whl", hash = "sha256:72e72408cad3d5419375fc87d289076ee319835bdfa2caad331e377589aebba9", size = 488469, upload-time = "2024-09-04T20:44:41.616Z" },
    { url = "https://files.pythonhosted.org/packages/bf/ee/f94057fa6426481d663b88637a9a10e859e492c73d0384514a17d78ee205/cffi-1.17.1-cp313-cp313-win32.whl", hash = "sha256:e03eab0a8677fa80d646b5ddece1cbeaf556c313dcfac435ba11f107ba117b5d", size = 172475, upload-time = "2024-09-04T20:44:43.733Z" },
    { url = "https://files.pythonhosted.org/packages/7c/fc/6a8cb64e5f0324877d503c854da15d76c1e50eb722e320b15345c4d0c6de/cffi-1.17.1-cp313-cp313-win_amd64.whl", hash = "sha256:f6a16c31041f09ead72d69f583767292f750d24913dadacf5756b966aacb3f1a", size = 182009, upload-time = "2024-09-04T20:44:45.309Z" },
]

[[package]]
name = "charset-normalizer"
version = "3.4.2"
source = { registry = "https://pypi.org/simple" }
sdist = { url = "https://files.pythonhosted.org/packages/e4/33/89c2ced2b67d1c2a61c19c6751aa8902d46ce3dacb23600a283619f5a12d/charset_normalizer-3.4.2.tar.gz", hash = "sha256:5baececa9ecba31eff645232d59845c07aa030f0c81ee70184a90d35099a0e63", size = 126367, upload-time = "2025-05-02T08:34:42.01Z" }
wheels = [
    { url = "https://files.pythonhosted.org/packages/ea/12/a93df3366ed32db1d907d7593a94f1fe6293903e3e92967bebd6950ed12c/charset_normalizer-3.4.2-cp313-cp313-macosx_10_13_universal2.whl", hash = "sha256:926ca93accd5d36ccdabd803392ddc3e03e6d4cd1cf17deff3b989ab8e9dbcf0", size = 199622, upload-time = "2025-05-02T08:32:56.363Z" },
    { url = "https://files.pythonhosted.org/packages/04/93/bf204e6f344c39d9937d3c13c8cd5bbfc266472e51fc8c07cb7f64fcd2de/charset_normalizer-3.4.2-cp313-cp313-manylinux_2_17_aarch64.manylinux2014_aarch64.whl", hash = "sha256:eba9904b0f38a143592d9fc0e19e2df0fa2e41c3c3745554761c5f6447eedabf", size = 143435, upload-time = "2025-05-02T08:32:58.551Z" },
    { url = "https://files.pythonhosted.org/packages/22/2a/ea8a2095b0bafa6c5b5a55ffdc2f924455233ee7b91c69b7edfcc9e02284/charset_normalizer-3.4.2-cp313-cp313-manylinux_2_17_ppc64le.manylinux2014_ppc64le.whl", hash = "sha256:3fddb7e2c84ac87ac3a947cb4e66d143ca5863ef48e4a5ecb83bd48619e4634e", size = 153653, upload-time = "2025-05-02T08:33:00.342Z" },
    { url = "https://files.pythonhosted.org/packages/b6/57/1b090ff183d13cef485dfbe272e2fe57622a76694061353c59da52c9a659/charset_normalizer-3.4.2-cp313-cp313-manylinux_2_17_s390x.manylinux2014_s390x.whl", hash = "sha256:98f862da73774290f251b9df8d11161b6cf25b599a66baf087c1ffe340e9bfd1", size = 146231, upload-time = "2025-05-02T08:33:02.081Z" },
    { url = "https://files.pythonhosted.org/packages/e2/28/ffc026b26f441fc67bd21ab7f03b313ab3fe46714a14b516f931abe1a2d8/charset_normalizer-3.4.2-cp313-cp313-manylinux_2_17_x86_64.manylinux2014_x86_64.whl", hash = "sha256:6c9379d65defcab82d07b2a9dfbfc2e95bc8fe0ebb1b176a3190230a3ef0e07c", size = 148243, upload-time = "2025-05-02T08:33:04.063Z" },
    { url = "https://files.pythonhosted.org/packages/c0/0f/9abe9bd191629c33e69e47c6ef45ef99773320e9ad8e9cb08b8ab4a8d4cb/charset_normalizer-3.4.2-cp313-cp313-manylinux_2_5_i686.manylinux1_i686.manylinux_2_17_i686.manylinux2014_i686.whl", hash = "sha256:e635b87f01ebc977342e2697d05b56632f5f879a4f15955dfe8cef2448b51691", size = 150442, upload-time = "2025-05-02T08:33:06.418Z" },
    { url = "https://files.pythonhosted.org/packages/67/7c/a123bbcedca91d5916c056407f89a7f5e8fdfce12ba825d7d6b9954a1a3c/charset_normalizer-3.4.2-cp313-cp313-musllinux_1_2_aarch64.whl", hash = "sha256:1c95a1e2902a8b722868587c0e1184ad5c55631de5afc0eb96bc4b0d738092c0", size = 145147, upload-time = "2025-05-02T08:33:08.183Z" },
    { url = "https://files.pythonhosted.org/packages/ec/fe/1ac556fa4899d967b83e9893788e86b6af4d83e4726511eaaad035e36595/charset_normalizer-3.4.2-cp313-cp313-musllinux_1_2_i686.whl", hash = "sha256:ef8de666d6179b009dce7bcb2ad4c4a779f113f12caf8dc77f0162c29d20490b", size = 153057, upload-time = "2025-05-02T08:33:09.986Z" },
    { url = "https://files.pythonhosted.org/packages/2b/ff/acfc0b0a70b19e3e54febdd5301a98b72fa07635e56f24f60502e954c461/charset_normalizer-3.4.2-cp313-cp313-musllinux_1_2_ppc64le.whl", hash = "sha256:32fc0341d72e0f73f80acb0a2c94216bd704f4f0bce10aedea38f30502b271ff", size = 156454, upload-time = "2025-05-02T08:33:11.814Z" },
    { url = "https://files.pythonhosted.org/packages/92/08/95b458ce9c740d0645feb0e96cea1f5ec946ea9c580a94adfe0b617f3573/charset_normalizer-3.4.2-cp313-cp313-musllinux_1_2_s390x.whl", hash = "sha256:289200a18fa698949d2b39c671c2cc7a24d44096784e76614899a7ccf2574b7b", size = 154174, upload-time = "2025-05-02T08:33:13.707Z" },
    { url = "https://files.pythonhosted.org/packages/78/be/8392efc43487ac051eee6c36d5fbd63032d78f7728cb37aebcc98191f1ff/charset_normalizer-3.4.2-cp313-cp313-musllinux_1_2_x86_64.whl", hash = "sha256:4a476b06fbcf359ad25d34a057b7219281286ae2477cc5ff5e3f70a246971148", size = 149166, upload-time = "2025-05-02T08:33:15.458Z" },
    { url = "https://files.pythonhosted.org/packages/44/96/392abd49b094d30b91d9fbda6a69519e95802250b777841cf3bda8fe136c/charset_normalizer-3.4.2-cp313-cp313-win32.whl", hash = "sha256:aaeeb6a479c7667fbe1099af9617c83aaca22182d6cf8c53966491a0f1b7ffb7", size = 98064, upload-time = "2025-05-02T08:33:17.06Z" },
    { url = "https://files.pythonhosted.org/packages/e9/b0/0200da600134e001d91851ddc797809e2fe0ea72de90e09bec5a2fbdaccb/charset_normalizer-3.4.2-cp313-cp313-win_amd64.whl", hash = "sha256:aa6af9e7d59f9c12b33ae4e9450619cf2488e2bbe9b44030905877f0b2324980", size = 105641, upload-time = "2025-05-02T08:33:18.753Z" },
    { url = "https://files.pythonhosted.org/packages/20/94/c5790835a017658cbfabd07f3bfb549140c3ac458cfc196323996b10095a/charset_normalizer-3.4.2-py3-none-any.whl", hash = "sha256:7f56930ab0abd1c45cd15be65cc741c28b1c9a34876ce8c17a2fa107810c0af0", size = 52626, upload-time = "2025-05-02T08:34:40.053Z" },
]

[[package]]
name = "click"
version = "8.2.1"
source = { registry = "https://pypi.org/simple" }
dependencies = [
    { name = "colorama", marker = "sys_platform == 'win32'" },
]
sdist = { url = "https://files.pythonhosted.org/packages/60/6c/8ca2efa64cf75a977a0d7fac081354553ebe483345c734fb6b6515d96bbc/click-8.2.1.tar.gz", hash = "sha256:27c491cc05d968d271d5a1db13e3b5a184636d9d930f148c50b038f0d0646202", size = 286342, upload-time = "2025-05-20T23:19:49.832Z" }
wheels = [
    { url = "https://files.pythonhosted.org/packages/85/32/10bb5764d90a8eee674e9dc6f4db6a0ab47c8c4d0d83c27f7c39ac415a4d/click-8.2.1-py3-none-any.whl", hash = "sha256:61a3265b914e850b85317d0b3109c7f8cd35a670f963866005d6ef1d5175a12b", size = 102215, upload-time = "2025-05-20T23:19:47.796Z" },
]

[[package]]
name = "colorama"
version = "0.4.6"
source = { registry = "https://pypi.org/simple" }
sdist = { url = "https://files.pythonhosted.org/packages/d8/53/6f443c9a4a8358a93a6792e2acffb9d9d5cb0a5cfd8802644b7b1c9a02e4/colorama-0.4.6.tar.gz", hash = "sha256:08695f5cb7ed6e0531a20572697297273c47b8cae5a63ffc6d6ed5c201be6e44", size = 27697, upload-time = "2022-10-25T02:36:22.414Z" }
wheels = [
    { url = "https://files.pythonhosted.org/packages/d1/d6/3965ed04c63042e047cb6a3e6ed1a63a35087b6a609aa3a15ed8ac56c221/colorama-0.4.6-py2.py3-none-any.whl", hash = "sha256:4f1d9991f5acc0ca119f9d443620b77f9d6b33703e51011c16baf57afb285fc6", size = 25335, upload-time = "2022-10-25T02:36:20.889Z" },
]

[[package]]
name = "cryptography"
version = "44.0.3"
source = { registry = "https://pypi.org/simple" }
dependencies = [
    { name = "cffi", marker = "platform_python_implementation != 'PyPy'" },
]
sdist = { url = "https://files.pythonhosted.org/packages/53/d6/1411ab4d6108ab167d06254c5be517681f1e331f90edf1379895bcb87020/cryptography-44.0.3.tar.gz", hash = "sha256:fe19d8bc5536a91a24a8133328880a41831b6c5df54599a8417b62fe015d3053", size = 711096, upload-time = "2025-05-02T19:36:04.667Z" }
wheels = [
    { url = "https://files.pythonhosted.org/packages/08/53/c776d80e9d26441bb3868457909b4e74dd9ccabd182e10b2b0ae7a07e265/cryptography-44.0.3-cp37-abi3-macosx_10_9_universal2.whl", hash = "sha256:962bc30480a08d133e631e8dfd4783ab71cc9e33d5d7c1e192f0b7c06397bb88", size = 6670281, upload-time = "2025-05-02T19:34:50.665Z" },
    { url = "https://files.pythonhosted.org/packages/6a/06/af2cf8d56ef87c77319e9086601bef621bedf40f6f59069e1b6d1ec498c5/cryptography-44.0.3-cp37-abi3-manylinux_2_17_aarch64.manylinux2014_aarch64.whl", hash = "sha256:4ffc61e8f3bf5b60346d89cd3d37231019c17a081208dfbbd6e1605ba03fa137", size = 3959305, upload-time = "2025-05-02T19:34:53.042Z" },
    { url = "https://files.pythonhosted.org/packages/ae/01/80de3bec64627207d030f47bf3536889efee8913cd363e78ca9a09b13c8e/cryptography-44.0.3-cp37-abi3-manylinux_2_17_x86_64.manylinux2014_x86_64.whl", hash = "sha256:58968d331425a6f9eedcee087f77fd3c927c88f55368f43ff7e0a19891f2642c", size = 4171040, upload-time = "2025-05-02T19:34:54.675Z" },
    { url = "https://files.pythonhosted.org/packages/bd/48/bb16b7541d207a19d9ae8b541c70037a05e473ddc72ccb1386524d4f023c/cryptography-44.0.3-cp37-abi3-manylinux_2_28_aarch64.whl", hash = "sha256:e28d62e59a4dbd1d22e747f57d4f00c459af22181f0b2f787ea83f5a876d7c76", size = 3963411, upload-time = "2025-05-02T19:34:56.61Z" },
    { url = "https://files.pythonhosted.org/packages/42/b2/7d31f2af5591d217d71d37d044ef5412945a8a8e98d5a2a8ae4fd9cd4489/cryptography-44.0.3-cp37-abi3-manylinux_2_28_armv7l.manylinux_2_31_armv7l.whl", hash = "sha256:af653022a0c25ef2e3ffb2c673a50e5a0d02fecc41608f4954176f1933b12359", size = 3689263, upload-time = "2025-05-02T19:34:58.591Z" },
    { url = "https://files.pythonhosted.org/packages/25/50/c0dfb9d87ae88ccc01aad8eb93e23cfbcea6a6a106a9b63a7b14c1f93c75/cryptography-44.0.3-cp37-abi3-manylinux_2_28_x86_64.whl", hash = "sha256:157f1f3b8d941c2bd8f3ffee0af9b049c9665c39d3da9db2dc338feca5e98a43", size = 4196198, upload-time = "2025-05-02T19:35:00.988Z" },
    { url = "https://files.pythonhosted.org/packages/66/c9/55c6b8794a74da652690c898cb43906310a3e4e4f6ee0b5f8b3b3e70c441/cryptography-44.0.3-cp37-abi3-manylinux_2_34_aarch64.whl", hash = "sha256:c6cd67722619e4d55fdb42ead64ed8843d64638e9c07f4011163e46bc512cf01", size = 3966502, upload-time = "2025-05-02T19:35:03.091Z" },
    { url = "https://files.pythonhosted.org/packages/b6/f7/7cb5488c682ca59a02a32ec5f975074084db4c983f849d47b7b67cc8697a/cryptography-44.0.3-cp37-abi3-manylinux_2_34_x86_64.whl", hash = "sha256:b424563394c369a804ecbee9b06dfb34997f19d00b3518e39f83a5642618397d", size = 4196173, upload-time = "2025-05-02T19:35:05.018Z" },
    { url = "https://files.pythonhosted.org/packages/d2/0b/2f789a8403ae089b0b121f8f54f4a3e5228df756e2146efdf4a09a3d5083/cryptography-44.0.3-cp37-abi3-musllinux_1_2_aarch64.whl", hash = "sha256:c91fc8e8fd78af553f98bc7f2a1d8db977334e4eea302a4bfd75b9461c2d8904", size = 4087713, upload-time = "2025-05-02T19:35:07.187Z" },
    { url = "https://files.pythonhosted.org/packages/1d/aa/330c13655f1af398fc154089295cf259252f0ba5df93b4bc9d9c7d7f843e/cryptography-44.0.3-cp37-abi3-musllinux_1_2_x86_64.whl", hash = "sha256:25cd194c39fa5a0aa4169125ee27d1172097857b27109a45fadc59653ec06f44", size = 4299064, upload-time = "2025-05-02T19:35:08.879Z" },
    { url = "https://files.pythonhosted.org/packages/10/a8/8c540a421b44fd267a7d58a1fd5f072a552d72204a3f08194f98889de76d/cryptography-44.0.3-cp37-abi3-win32.whl", hash = "sha256:3be3f649d91cb182c3a6bd336de8b61a0a71965bd13d1a04a0e15b39c3d5809d", size = 2773887, upload-time = "2025-05-02T19:35:10.41Z" },
    { url = "https://files.pythonhosted.org/packages/b9/0d/c4b1657c39ead18d76bbd122da86bd95bdc4095413460d09544000a17d56/cryptography-44.0.3-cp37-abi3-win_amd64.whl", hash = "sha256:3883076d5c4cc56dbef0b898a74eb6992fdac29a7b9013870b34efe4ddb39a0d", size = 3209737, upload-time = "2025-05-02T19:35:12.12Z" },
    { url = "https://files.pythonhosted.org/packages/34/a3/ad08e0bcc34ad436013458d7528e83ac29910943cea42ad7dd4141a27bbb/cryptography-44.0.3-cp39-abi3-macosx_10_9_universal2.whl", hash = "sha256:5639c2b16764c6f76eedf722dbad9a0914960d3489c0cc38694ddf9464f1bb2f", size = 6673501, upload-time = "2025-05-02T19:35:13.775Z" },
    { url = "https://files.pythonhosted.org/packages/b1/f0/7491d44bba8d28b464a5bc8cc709f25a51e3eac54c0a4444cf2473a57c37/cryptography-44.0.3-cp39-abi3-manylinux_2_17_aarch64.manylinux2014_aarch64.whl", hash = "sha256:f3ffef566ac88f75967d7abd852ed5f182da252d23fac11b4766da3957766759", size = 3960307, upload-time = "2025-05-02T19:35:15.917Z" },
    { url = "https://files.pythonhosted.org/packages/f7/c8/e5c5d0e1364d3346a5747cdcd7ecbb23ca87e6dea4f942a44e88be349f06/cryptography-44.0.3-cp39-abi3-manylinux_2_17_x86_64.manylinux2014_x86_64.whl", hash = "sha256:192ed30fac1728f7587c6f4613c29c584abdc565d7417c13904708db10206645", size = 4170876, upload-time = "2025-05-02T19:35:18.138Z" },
    { url = "https://files.pythonhosted.org/packages/73/96/025cb26fc351d8c7d3a1c44e20cf9a01e9f7cf740353c9c7a17072e4b264/cryptography-44.0.3-cp39-abi3-manylinux_2_28_aarch64.whl", hash = "sha256:7d5fe7195c27c32a64955740b949070f21cba664604291c298518d2e255931d2", size = 3964127, upload-time = "2025-05-02T19:35:19.864Z" },
    { url = "https://files.pythonhosted.org/packages/01/44/eb6522db7d9f84e8833ba3bf63313f8e257729cf3a8917379473fcfd6601/cryptography-44.0.3-cp39-abi3-manylinux_2_28_armv7l.manylinux_2_31_armv7l.whl", hash = "sha256:3f07943aa4d7dad689e3bb1638ddc4944cc5e0921e3c227486daae0e31a05e54", size = 3689164, upload-time = "2025-05-02T19:35:21.449Z" },
    { url = "https://files.pythonhosted.org/packages/68/fb/d61a4defd0d6cee20b1b8a1ea8f5e25007e26aeb413ca53835f0cae2bcd1/cryptography-44.0.3-cp39-abi3-manylinux_2_28_x86_64.whl", hash = "sha256:cb90f60e03d563ca2445099edf605c16ed1d5b15182d21831f58460c48bffb93", size = 4198081, upload-time = "2025-05-02T19:35:23.187Z" },
    { url = "https://files.pythonhosted.org/packages/1b/50/457f6911d36432a8811c3ab8bd5a6090e8d18ce655c22820994913dd06ea/cryptography-44.0.3-cp39-abi3-manylinux_2_34_aarch64.whl", hash = "sha256:ab0b005721cc0039e885ac3503825661bd9810b15d4f374e473f8c89b7d5460c", size = 3967716, upload-time = "2025-05-02T19:35:25.426Z" },
    { url = "https://files.pythonhosted.org/packages/35/6e/dca39d553075980ccb631955c47b93d87d27f3596da8d48b1ae81463d915/cryptography-44.0.3-cp39-abi3-manylinux_2_34_x86_64.whl", hash = "sha256:3bb0847e6363c037df8f6ede57d88eaf3410ca2267fb12275370a76f85786a6f", size = 4197398, upload-time = "2025-05-02T19:35:27.678Z" },
    { url = "https://files.pythonhosted.org/packages/9b/9d/d1f2fe681eabc682067c66a74addd46c887ebacf39038ba01f8860338d3d/cryptography-44.0.3-cp39-abi3-musllinux_1_2_aarch64.whl", hash = "sha256:b0cc66c74c797e1db750aaa842ad5b8b78e14805a9b5d1348dc603612d3e3ff5", size = 4087900, upload-time = "2025-05-02T19:35:29.312Z" },
    { url = "https://files.pythonhosted.org/packages/c4/f5/3599e48c5464580b73b236aafb20973b953cd2e7b44c7c2533de1d888446/cryptography-44.0.3-cp39-abi3-musllinux_1_2_x86_64.whl", hash = "sha256:6866df152b581f9429020320e5eb9794c8780e90f7ccb021940d7f50ee00ae0b", size = 4301067, upload-time = "2025-05-02T19:35:31.547Z" },
    { url = "https://files.pythonhosted.org/packages/a7/6c/d2c48c8137eb39d0c193274db5c04a75dab20d2f7c3f81a7dcc3a8897701/cryptography-44.0.3-cp39-abi3-win32.whl", hash = "sha256:c138abae3a12a94c75c10499f1cbae81294a6f983b3af066390adee73f433028", size = 2775467, upload-time = "2025-05-02T19:35:33.805Z" },
    { url = "https://files.pythonhosted.org/packages/c9/ad/51f212198681ea7b0deaaf8846ee10af99fba4e894f67b353524eab2bbe5/cryptography-44.0.3-cp39-abi3-win_amd64.whl", hash = "sha256:5d186f32e52e66994dce4f766884bcb9c68b8da62d61d9d215bfe5fb56d21334", size = 3210375, upload-time = "2025-05-02T19:35:35.369Z" },
]

[[package]]
name = "fido2"
version = "1.2.0"
source = { registry = "https://pypi.org/simple" }
dependencies = [
    { name = "cryptography" },
]
sdist = { url = "https://files.pythonhosted.org/packages/eb/cc/4529123364d41f342145f2fd775307eaed817cd22810895dea10e15a4d06/fido2-1.2.0.tar.gz", hash = "sha256:e39f95920122d64283fda5e5581d95a206e704fa42846bfa4662f86aa0d3333b", size = 266369, upload-time = "2024-11-27T09:08:21.071Z" }
wheels = [
    { url = "https://files.pythonhosted.org/packages/4c/48/e9b99d66f27d3416a619324568739fd6603e093b2f79138d6f47ccf727b6/fido2-1.2.0-py3-none-any.whl", hash = "sha256:f7c8ee62e359aa980a45773f9493965bb29ede1b237a9218169dbfe60c80e130", size = 219418, upload-time = "2024-11-27T09:08:18.932Z" },
]

[[package]]
name = "icloud-contacts-downloader"
version = "0.1.0"
source = { editable = "." }
dependencies = [
    { name = "pyicloud" },
]

[package.metadata]
requires-dist = [{ name = "pyicloud", specifier = ">=2.0.1" }]

[[package]]
name = "idna"
version = "3.10"
source = { registry = "https://pypi.org/simple" }
sdist = { url = "https://files.pythonhosted.org/packages/f1/70/7703c29685631f5a7590aa73f1f1d3fa9a380e654b86af429e0934a32f7d/idna-3.10.tar.gz", hash = "sha256:12f65c9b470abda6dc35cf8e63cc574b1c52b11df2c86030af0ac09b01b13ea9", size = 190490, upload-time = "2024-09-15T18:07:39.745Z" }
wheels = [
    { url = "https://files.pythonhosted.org/packages/76/c6/c88e154df9c4e1a2a66ccf0005a88dfb2650c1dffb6f5ce603dfbd452ce3/idna-3.10-py3-none-any.whl", hash = "sha256:946d195a0d259cbba61165e88e65941f16e9b36ea6ddb97f00452bae8b1287d3", size = 70442, upload-time = "2024-09-15T18:07:37.964Z" },
]

[[package]]
name = "jaraco-classes"
version = "3.4.0"
source = { registry = "https://pypi.org/simple" }
dependencies = [
    { name = "more-itertools" },
]
sdist = { url = "https://files.pythonhosted.org/packages/06/c0/ed4a27bc5571b99e3cff68f8a9fa5b56ff7df1c2251cc715a652ddd26402/jaraco.classes-3.4.0.tar.gz", hash = "sha256:47a024b51d0239c0dd8c8540c6c7f484be3b8fcf0b2d85c13825780d3b3f3acd", size = 11780, upload-time = "2024-03-31T07:27:36.643Z" }
wheels = [
    { url = "https://files.pythonhosted.org/packages/7f/66/b15ce62552d84bbfcec9a4873ab79d993a1dd4edb922cbfccae192bd5b5f/jaraco.classes-3.4.0-py3-none-any.whl", hash = "sha256:f662826b6bed8cace05e7ff873ce0f9283b5c924470fe664fff1c2f00f581790", size = 6777, upload-time = "2024-03-31T07:27:34.792Z" },
]

[[package]]
name = "jaraco-context"
version = "6.0.1"
source = { registry = "https://pypi.org/simple" }
sdist = { url = "https://files.pythonhosted.org/packages/df/ad/f3777b81bf0b6e7bc7514a1656d3e637b2e8e15fab2ce3235730b3e7a4e6/jaraco_context-6.0.1.tar.gz", hash = "sha256:9bae4ea555cf0b14938dc0aee7c9f32ed303aa20a3b73e7dc80111628792d1b3", size = 13912, upload-time = "2024-08-20T03:39:27.358Z" }
wheels = [
    { url = "https://files.pythonhosted.org/packages/ff/db/0c52c4cf5e4bd9f5d7135ec7669a3a767af21b3a308e1ed3674881e52b62/jaraco.context-6.0.1-py3-none-any.whl", hash = "sha256:f797fc481b490edb305122c9181830a3a5b76d84ef6d1aef2fb9b47ab956f9e4", size = 6825, upload-time = "2024-08-20T03:39:25.966Z" },
]

[[package]]
name = "jaraco-functools"
version = "4.2.1"
source = { registry = "https://pypi.org/simple" }
dependencies = [
    { name = "more-itertools" },
]
sdist = { url = "https://files.pythonhosted.org/packages/49/1c/831faaaa0f090b711c355c6d8b2abf277c72133aab472b6932b03322294c/jaraco_functools-4.2.1.tar.gz", hash = "sha256:be634abfccabce56fa3053f8c7ebe37b682683a4ee7793670ced17bab0087353", size = 19661, upload-time = "2025-06-21T19:22:03.201Z" }
wheels = [
    { url = "https://files.pythonhosted.org/packages/f3/fd/179a20f832824514df39a90bb0e5372b314fea99f217f5ab942b10a8a4e8/jaraco_functools-4.2.1-py3-none-any.whl", hash = "sha256:590486285803805f4b1f99c60ca9e94ed348d4added84b74c7a12885561e524e", size = 10349, upload-time = "2025-06-21T19:22:02.039Z" },
]

[[package]]
name = "jeepney"
version = "0.9.0"
source = { registry = "https://pypi.org/simple" }
sdist = { url = "https://files.pythonhosted.org/packages/7b/6f/357efd7602486741aa73ffc0617fb310a29b588ed0fd69c2399acbb85b0c/jeepney-0.9.0.tar.gz", hash = "sha256:cf0e9e845622b81e4a28df94c40345400256ec608d0e55bb8a3feaa9163f5732", size = 106758, upload-time = "2025-02-27T18:51:01.684Z" }
wheels = [
    { url = "https://files.pythonhosted.org/packages/b2/a3/e137168c9c44d18eff0376253da9f1e9234d0239e0ee230d2fee6cea8e55/jeepney-0.9.0-py3-none-any.whl", hash = "sha256:97e5714520c16fc0a45695e5365a2e11b81ea79bba796e26f9f1d178cb182683", size = 49010, upload-time = "2025-02-27T18:51:00.104Z" },
]

[[package]]
name = "keyring"
version = "25.6.0"
source = { registry = "https://pypi.org/simple" }
dependencies = [
    { name = "jaraco-classes" },
    { name = "jaraco-context" },
    { name = "jaraco-functools" },
    { name = "jeepney", marker = "sys_platform == 'linux'" },
    { name = "pywin32-ctypes", marker = "sys_platform == 'win32'" },
    { name = "secretstorage", marker = "sys_platform == 'linux'" },
]
sdist = { url = "https://files.pythonhosted.org/packages/70/09/d904a6e96f76ff214be59e7aa6ef7190008f52a0ab6689760a98de0bf37d/keyring-25.6.0.tar.gz", hash = "sha256:0b39998aa941431eb3d9b0d4b2460bc773b9df6fed7621c2dfb291a7e0187a66", size = 62750, upload-time = "2024-12-25T15:26:45.782Z" }
wheels = [
    { url = "https://files.pythonhosted.org/packages/d3/32/da7f44bcb1105d3e88a0b74ebdca50c59121d2ddf71c9e34ba47df7f3a56/keyring-25.6.0-py3-none-any.whl", hash = "sha256:552a3f7af126ece7ed5c89753650eec89c7eaae8617d0aa4d9ad2b75111266bd", size = 39085, upload-time = "2024-12-25T15:26:44.377Z" },
]

[[package]]
name = "keyrings-alt"
version = "5.0.2"
source = { registry = "https://pypi.org/simple" }
dependencies = [
    { name = "jaraco-classes" },
    { name = "jaraco-context" },
]
sdist = { url = "https://files.pythonhosted.org/packages/5c/7b/e3bf53326e0753bee11813337b1391179582ba5c6851b13e0d9502d15a50/keyrings_alt-5.0.2.tar.gz", hash = "sha256:8f097ebe9dc8b185106502b8cdb066c926d2180e13b4689fd4771a3eab7d69fb", size = 29229, upload-time = "2024-08-14T01:09:28.12Z" }
wheels = [
    { url = "https://files.pythonhosted.org/packages/4a/0d/9c59313ab43d0858a9a665e80763bd830dc78d5f379afc3815e123c486c2/keyrings.alt-5.0.2-py3-none-any.whl", hash = "sha256:6be74693192f3f37bbb752bfac9b86e6177076b17d2ac12a390f1d6abff8ac7c", size = 17930, upload-time = "2024-08-14T01:09:26.785Z" },
]

[[package]]
name = "more-itertools"
version = "10.7.0"
source = { registry = "https://pypi.org/simple" }
sdist = { url = "https://files.pythonhosted.org/packages/ce/a0/834b0cebabbfc7e311f30b46c8188790a37f89fc8d756660346fe5abfd09/more_itertools-10.7.0.tar.gz", hash = "sha256:9fddd5403be01a94b204faadcff459ec3568cf110265d3c54323e1e866ad29d3", size = 127671, upload-time = "2025-04-22T14:17:41.838Z" }
wheels = [
    { url = "https://files.pythonhosted.org/packages/2b/9f/7ba6f94fc1e9ac3d2b853fdff3035fb2fa5afbed898c4a72b8a020610594/more_itertools-10.7.0-py3-none-any.whl", hash = "sha256:d43980384673cb07d2f7d2d918c616b30c659c089ee23953f601d6609c67510e", size = 65278, upload-time = "2025-04-22T14:17:40.49Z" },
]

[[package]]
name = "pycparser"
version = "2.22"
source = { registry = "https://pypi.org/simple" }
sdist = { url = "https://files.pythonhosted.org/packages/1d/b2/31537cf4b1ca988837256c910a668b553fceb8f069bedc4b1c826024b52c/pycparser-2.22.tar.gz", hash = "sha256:491c8be9c040f5390f5bf44a5b07752bd07f56edf992381b05c701439eec10f6", size = 172736, upload-time = "2024-03-30T13:22:22.564Z" }
wheels = [
    { url = "https://files.pythonhosted.org/packages/13/a3/a812df4e2dd5696d1f351d58b8fe16a405b234ad2886a0dab9183fb78109/pycparser-2.22-py3-none-any.whl", hash = "sha256:c3702b6d3dd8c7abc1afa565d7e63d53a1d0bd86cdc24edd75470f4de499cfcc", size = 117552, upload-time = "2024-03-30T13:22:20.476Z" },
]

[[package]]
name = "pyicloud"
version = "2.0.1"
source = { registry = "https://pypi.org/simple" }
dependencies = [
    { name = "certifi" },
    { name = "click" },
    { name = "fido2" },
    { name = "keyring" },
    { name = "keyrings-alt" },
    { name = "requests" },
    { name = "srp" },
    { name = "tzlocal" },
]
sdist = { url = "https://files.pythonhosted.org/packages/73/2f/1de5133e81eee71b970658d58faa2956a574c8879c575fe2a300323c0026/pyicloud-2.0.1.tar.gz", hash = "sha256:a1d41205e0f9c070daac6f9b64c8d10c9dc27c7d98dc19559e00ece4e7a91ec6", size = 98489, upload-time = "2025-06-14T20:56:05.523Z" }
wheels = [
    { url = "https://files.pythonhosted.org/packages/af/8a/f0d8e9bee031466518c701f3a008f37e06cbabaa9c52d912a034f1ce55a3/pyicloud-2.0.1-py3-none-any.whl", hash = "sha256:4f963df6253c247e353bed1bda67eb935f8e3ff09ab211f6cd40fae31a3ba16b", size = 52479, upload-time = "2025-06-14T20:56:03.687Z" },
]

[[package]]
name = "pywin32-ctypes"
version = "0.2.3"
source = { registry = "https://pypi.org/simple" }
sdist = { url = "https://files.pythonhosted.org/packages/85/9f/01a1a99704853cb63f253eea009390c88e7131c67e66a0a02099a8c917cb/pywin32-ctypes-0.2.3.tar.gz", hash = "sha256:d162dc04946d704503b2edc4d55f3dba5c1d539ead017afa00142c38b9885755", size = 29471, upload-time = "2024-08-14T10:15:34.626Z" }
wheels = [
    { url = "https://files.pythonhosted.org/packages/de/3d/8161f7711c017e01ac9f008dfddd9410dff3674334c233bde66e7ba65bbf/pywin32_ctypes-0.2.3-py3-none-any.whl", hash = "sha256:8a1513379d709975552d202d942d9837758905c8d01eb82b8bcc30918929e7b8", size = 30756, upload-time = "2024-08-14T10:15:33.187Z" },
]

[[package]]
name = "requests"
version = "2.32.4"
source = { registry = "https://pypi.org/simple" }
dependencies = [
    { name = "certifi" },
    { name = "charset-normalizer" },
    { name = "idna" },
    { name = "urllib3" },
]
sdist = { url = "https://files.pythonhosted.org/packages/e1/0a/929373653770d8a0d7ea76c37de6e41f11eb07559b103b1c02cafb3f7cf8/requests-2.32.4.tar.gz", hash = "sha256:27d0316682c8a29834d3264820024b62a36942083d52caf2f14c0591336d3422", size = 135258, upload-time = "2025-06-09T16:43:07.34Z" }
wheels = [
    { url = "https://files.pythonhosted.org/packages/7c/e4/56027c4a6b4ae70ca9de302488c5ca95ad4a39e190093d6c1a8ace08341b/requests-2.32.4-py3-none-any.whl", hash = "sha256:27babd3cda2a6d50b30443204ee89830707d396671944c998b5975b031ac2b2c", size = 64847, upload-time = "2025-06-09T16:43:05.728Z" },
]

[[package]]
name = "secretstorage"
version = "3.3.3"
source = { registry = "https://pypi.org/simple" }
dependencies = [
    { name = "cryptography" },
    { name = "jeepney" },
]
sdist = { url = "https://files.pythonhosted.org/packages/53/a4/f48c9d79cb507ed1373477dbceaba7401fd8a23af63b837fa61f1dcd3691/SecretStorage-3.3.3.tar.gz", hash = "sha256:2403533ef369eca6d2ba81718576c5e0f564d5cca1b58f73a8b23e7d4eeebd77", size = 19739, upload-time = "2022-08-13T16:22:46.976Z" }
wheels = [
    { url = "https://files.pythonhosted.org/packages/54/24/b4293291fa1dd830f353d2cb163295742fa87f179fcc8a20a306a81978b7/SecretStorage-3.3.3-py3-none-any.whl", hash = "sha256:f356e6628222568e3af06f2eba8df495efa13b3b63081dafd4f7d9a7b7bc9f99", size = 15221, upload-time = "2022-08-13T16:22:44.457Z" },
]

[[package]]
name = "six"
version = "1.17.0"
source = { registry = "https://pypi.org/simple" }
sdist = { url = "https://files.pythonhosted.org/packages/94/e7/b2c673351809dca68a0e064b6af791aa332cf192da575fd474ed7d6f16a2/six-1.17.0.tar.gz", hash = "sha256:ff70335d468e7eb6ec65b95b99d3a2836546063f63acc5171de367e834932a81", size = 34031, upload-time = "2024-12-04T17:35:28.174Z" }
wheels = [
    { url = "https://files.pythonhosted.org/packages/b7/ce/149a00dd41f10bc29e5921b496af8b574d8413afcd5e30dfa0ed46c2cc5e/six-1.17.0-py2.py3-none-any.whl", hash = "sha256:4721f391ed90541fddacab5acf947aa0d3dc7d27b2e1e8eda2be8970586c3274", size = 11050, upload-time = "2024-12-04T17:35:26.475Z" },
]

[[package]]
name = "srp"
version = "1.0.22"
source = { registry = "https://pypi.org/simple" }
dependencies = [
    { name = "six" },
]
sdist = { url = "https://files.pythonhosted.org/packages/8d/fb/9210875dd162d3977580407b1c5ce6e779e770b8197a0de76819144a9755/srp-1.0.22.tar.gz", hash = "sha256:f330d0ec7387e2ac8577487b164963155d4a031bca6e2024f1b0930eb92baa5d", size = 22472, upload-time = "2024-11-01T21:52:54.006Z" }
wheels = [
    { url = "https://files.pythonhosted.org/packages/89/75/5352c3ebd26e7d119042ae8de07354435a19c77fa2b44058fa97a1416783/srp-1.0.22-py3-none-any.whl", hash = "sha256:35aa8af053285a35683eb37182dcb2e46dbd85c7075d28e139f200d6bf16ea43", size = 25347, upload-time = "2024-11-01T21:52:53.021Z" },
]

[[package]]
name = "tzdata"
version = "2025.2"
source = { registry = "https://pypi.org/simple" }
sdist = { url = "https://files.pythonhosted.org/packages/95/32/1a225d6164441be760d75c2c42e2780dc0873fe382da3e98a2e1e48361e5/tzdata-2025.2.tar.gz", hash = "sha256:b60a638fcc0daffadf82fe0f57e53d06bdec2f36c4df66280ae79bce6bd6f2b9", size = 196380, upload-time = "2025-03-23T13:54:43.652Z" }
wheels = [
    { url = "https://files.pythonhosted.org/packages/5c/23/c7abc0ca0a1526a0774eca151daeb8de62ec457e77262b66b359c3c7679e/tzdata-2025.2-py2.py3-none-any.whl", hash = "sha256:1a403fada01ff9221ca8044d701868fa132215d84beb92242d9acd2147f667a8", size = 347839, upload-time = "2025-03-23T13:54:41.845Z" },
]

[[package]]
name = "tzlocal"
version = "5.3.1"
source = { registry = "https://pypi.org/simple" }
dependencies = [
    { name = "tzdata", marker = "sys_platform == 'win32'" },
]
sdist = { url = "https://files.pythonhosted.org/packages/8b/2e/c14812d3d4d9cd1773c6be938f89e5735a1f11a9f184ac3639b93cef35d5/tzlocal-5.3.1.tar.gz", hash = "sha256:cceffc7edecefea1f595541dbd6e990cb1ea3d19bf01b2809f362a03dd7921fd", size = 30761, upload-time = "2025-03-05T21:17:41.549Z" }
wheels = [
    { url = "https://files.pythonhosted.org/packages/c2/14/e2a54fabd4f08cd7af1c07030603c3356b74da07f7cc056e600436edfa17/tzlocal-5.3.1-py3-none-any.whl", hash = "sha256:eb1a66c3ef5847adf7a834f1be0800581b683b5608e74f86ecbcef8ab91bb85d", size = 18026, upload-time = "2025-03-05T21:17:39.857Z" },
]

[[package]]
name = "urllib3"
version = "2.5.0"
source = { registry = "https://pypi.org/simple" }
sdist = { url = "https://files.pythonhosted.org/packages/15/22/9ee70a2574a4f4599c47dd506532914ce044817c7752a79b6a51286319bc/urllib3-2.5.0.tar.gz", hash = "sha256:3fc47733c7e419d4bc3f6b3dc2b4f890bb743906a30d56ba4a5bfa4bbff92760", size = 393185, upload-time = "2025-06-18T14:07:41.644Z" }
wheels = [
    { url = "https://files.pythonhosted.org/packages/a7/c2/fe1e52489ae3122415c51f387e221dd0773709bad6c6cdaa599e8a2c5185/urllib3-2.5.0-py3-none-any.whl", hash = "sha256:e6b01673c0fa6a13e374b50871808eb3bf7046c4b125b216f6bf1cc604cff0dc", size = 129795, upload-time = "2025-06-18T14:07:40.39Z" },
]
